
Microsoft Visual Studio Solution File, Format Version 12.00
# Visual Studio Version 17
VisualStudioVersion = 17.9.34728.123
MinimumVisualStudioVersion = 10.0.40219.1
Project("{FAE04EC0-301F-11D3-BF4B-00C04F79EFBC}") = "GestaoBiblioteca", "GestaoBiblioteca.csproj", "{DF40D0B4-0747-4E93-A501-8D5BFDEEDC7D}"
EndProject
Global
	GlobalSection(SolutionConfigurationPlatforms) = preSolution
		Debug|Any CPU = Debug|Any CPU
		Release|Any CPU = Release|Any CPU
	EndGlobalSection
	GlobalSection(ProjectConfigurationPlatforms) = postSolution
		{DF40D0B4-0747-4E93-A501-8D5BFDEEDC7D}.Debug|Any CPU.ActiveCfg = Debug|Any CPU
		{DF40D0B4-0747-4E93-A501-8D5BFDEEDC7D}.Debug|Any CPU.Build.0 = Debug|Any CPU
		{DF40D0B4-0747-4E93-A501-8D5BFDEEDC7D}.Release|Any CPU.ActiveCfg = Release|Any CPU
		{DF40D0B4-0747-4E93-A501-8D5BFDEEDC7D}.Release|Any CPU.Build.0 = Release|Any CPU
	EndGlobalSection
	GlobalSection(SolutionProperties) = preSolution
		HideSolutionNode = FALSE
	EndGlobalSection
	GlobalSection(ExtensibilityGlobals) = postSolution
		SolutionGuid = {EF7AD789-B2F3-4E4D-AFC5-0DE68C5D7FED}
	EndGlobalSection
EndGlobal
