
Microsoft Visual Studio Solution File, Format Version 12.00
# Visual Studio Version 17
VisualStudioVersion = 17.9.34728.123
MinimumVisualStudioVersion = 10.0.40219.1
Project("{FAE04EC0-301F-11D3-BF4B-00C04F79EFBC}") = "Ficha 2", "Ficha 2.csproj", "{80474066-BE8B-4A17-8236-88925295F667}"
EndProject
Global
	GlobalSection(SolutionConfigurationPlatforms) = preSolution
		Debug|Any CPU = Debug|Any CPU
		Release|Any CPU = Release|Any CPU
	EndGlobalSection
	GlobalSection(ProjectConfigurationPlatforms) = postSolution
		{80474066-BE8B-4A17-8236-88925295F667}.Debug|Any CPU.ActiveCfg = Debug|Any CPU
		{80474066-BE8B-4A17-8236-88925295F667}.Debug|Any CPU.Build.0 = Debug|Any CPU
		{80474066-BE8B-4A17-8236-88925295F667}.Release|Any CPU.ActiveCfg = Release|Any CPU
		{80474066-BE8B-4A17-8236-88925295F667}.Release|Any CPU.Build.0 = Release|Any CPU
	EndGlobalSection
	GlobalSection(SolutionProperties) = preSolution
		HideSolutionNode = FALSE
	EndGlobalSection
	GlobalSection(ExtensibilityGlobals) = postSolution
		SolutionGuid = {64461824-0422-4BE6-A10C-55F131D3F9F1}
	EndGlobalSection
EndGlobal
