
Microsoft Visual Studio Solution File, Format Version 12.00
# Visual Studio Version 17
VisualStudioVersion = 17.9.34728.123
MinimumVisualStudioVersion = 10.0.40219.1
Project("{FAE04EC0-301F-11D3-BF4B-00C04F79EFBC}") = "Ficha 6", "Ficha 6.csproj", "{76D6E54B-C71D-4F4B-AD6E-D250BFC067F0}"
EndProject
Global
	GlobalSection(SolutionConfigurationPlatforms) = preSolution
		Debug|Any CPU = Debug|Any CPU
		Release|Any CPU = Release|Any CPU
	EndGlobalSection
	GlobalSection(ProjectConfigurationPlatforms) = postSolution
		{76D6E54B-C71D-4F4B-AD6E-D250BFC067F0}.Debug|Any CPU.ActiveCfg = Debug|Any CPU
		{76D6E54B-C71D-4F4B-AD6E-D250BFC067F0}.Debug|Any CPU.Build.0 = Debug|Any CPU
		{76D6E54B-C71D-4F4B-AD6E-D250BFC067F0}.Release|Any CPU.ActiveCfg = Release|Any CPU
		{76D6E54B-C71D-4F4B-AD6E-D250BFC067F0}.Release|Any CPU.Build.0 = Release|Any CPU
	EndGlobalSection
	GlobalSection(SolutionProperties) = preSolution
		HideSolutionNode = FALSE
	EndGlobalSection
	GlobalSection(ExtensibilityGlobals) = postSolution
		SolutionGuid = {80C8C24A-2F4B-4D13-96A9-A99768BA1E6E}
	EndGlobalSection
EndGlobal
