
Microsoft Visual Studio Solution File, Format Version 12.00
# Visual Studio Version 17
VisualStudioVersion = 17.9.34728.123
MinimumVisualStudioVersion = 10.0.40219.1
Project("{FAE04EC0-301F-11D3-BF4B-00C04F79EFBC}") = "Ficha 3", "Ficha 3.csproj", "{95CF0D1F-F5AB-4D4B-B615-DD3ABE6F8A2E}"
EndProject
Global
	GlobalSection(SolutionConfigurationPlatforms) = preSolution
		Debug|Any CPU = Debug|Any CPU
		Release|Any CPU = Release|Any CPU
	EndGlobalSection
	GlobalSection(ProjectConfigurationPlatforms) = postSolution
		{95CF0D1F-F5AB-4D4B-B615-DD3ABE6F8A2E}.Debug|Any CPU.ActiveCfg = Debug|Any CPU
		{95CF0D1F-F5AB-4D4B-B615-DD3ABE6F8A2E}.Debug|Any CPU.Build.0 = Debug|Any CPU
		{95CF0D1F-F5AB-4D4B-B615-DD3ABE6F8A2E}.Release|Any CPU.ActiveCfg = Release|Any CPU
		{95CF0D1F-F5AB-4D4B-B615-DD3ABE6F8A2E}.Release|Any CPU.Build.0 = Release|Any CPU
	EndGlobalSection
	GlobalSection(SolutionProperties) = preSolution
		HideSolutionNode = FALSE
	EndGlobalSection
	GlobalSection(ExtensibilityGlobals) = postSolution
		SolutionGuid = {BF3E0BB4-B03B-4116-B77E-189B3D497050}
	EndGlobalSection
EndGlobal
