
Microsoft Visual Studio Solution File, Format Version 12.00
# Visual Studio Version 17
VisualStudioVersion = 17.9.34728.123
MinimumVisualStudioVersion = 10.0.40219.1
Project("{FAE04EC0-301F-11D3-BF4B-00C04F79EFBC}") = "Ficha 1", "Ficha 1.csproj", "{64CA2FFA-ED85-4AAF-943A-8A39DBFEE32D}"
EndProject
Global
	GlobalSection(SolutionConfigurationPlatforms) = preSolution
		Debug|Any CPU = Debug|Any CPU
		Release|Any CPU = Release|Any CPU
	EndGlobalSection
	GlobalSection(ProjectConfigurationPlatforms) = postSolution
		{64CA2FFA-ED85-4AAF-943A-8A39DBFEE32D}.Debug|Any CPU.ActiveCfg = Debug|Any CPU
		{64CA2FFA-ED85-4AAF-943A-8A39DBFEE32D}.Debug|Any CPU.Build.0 = Debug|Any CPU
		{64CA2FFA-ED85-4AAF-943A-8A39DBFEE32D}.Release|Any CPU.ActiveCfg = Release|Any CPU
		{64CA2FFA-ED85-4AAF-943A-8A39DBFEE32D}.Release|Any CPU.Build.0 = Release|Any CPU
	EndGlobalSection
	GlobalSection(SolutionProperties) = preSolution
		HideSolutionNode = FALSE
	EndGlobalSection
	GlobalSection(ExtensibilityGlobals) = postSolution
		SolutionGuid = {129F39B7-F731-45F7-BAE8-BA308353E52E}
	EndGlobalSection
EndGlobal
