
Microsoft Visual Studio Solution File, Format Version 12.00
# Visual Studio Version 17
VisualStudioVersion = 17.9.34728.123
MinimumVisualStudioVersion = 10.0.40219.1
Project("{FAE04EC0-301F-11D3-BF4B-00C04F79EFBC}") = "NewFolder", "NewFolder.csproj", "{B7B35FCC-200B-4C38-80A5-0EE02DBA8063}"
EndProject
Global
	GlobalSection(SolutionConfigurationPlatforms) = preSolution
		Debug|Any CPU = Debug|Any CPU
		Release|Any CPU = Release|Any CPU
	EndGlobalSection
	GlobalSection(ProjectConfigurationPlatforms) = postSolution
		{B7B35FCC-200B-4C38-80A5-0EE02DBA8063}.Debug|Any CPU.ActiveCfg = Debug|Any CPU
		{B7B35FCC-200B-4C38-80A5-0EE02DBA8063}.Debug|Any CPU.Build.0 = Debug|Any CPU
		{B7B35FCC-200B-4C38-80A5-0EE02DBA8063}.Release|Any CPU.ActiveCfg = Release|Any CPU
		{B7B35FCC-200B-4C38-80A5-0EE02DBA8063}.Release|Any CPU.Build.0 = Release|Any CPU
	EndGlobalSection
	GlobalSection(SolutionProperties) = preSolution
		HideSolutionNode = FALSE
	EndGlobalSection
	GlobalSection(ExtensibilityGlobals) = postSolution
		SolutionGuid = {EE5218C7-51F3-435E-A31F-0B31D0955605}
	EndGlobalSection
EndGlobal
