
Microsoft Visual Studio Solution File, Format Version 12.00
# Visual Studio Version 17
VisualStudioVersion = 17.9.34728.123
MinimumVisualStudioVersion = 10.0.40219.1
Project("{FAE04EC0-301F-11D3-BF4B-00C04F79EFBC}") = "Ficha 4", "Ficha 4.csproj", "{5B80D200-BF0E-48D0-AD2D-957C7A42199D}"
EndProject
Global
	GlobalSection(SolutionConfigurationPlatforms) = preSolution
		Debug|Any CPU = Debug|Any CPU
		Release|Any CPU = Release|Any CPU
	EndGlobalSection
	GlobalSection(ProjectConfigurationPlatforms) = postSolution
		{5B80D200-BF0E-48D0-AD2D-957C7A42199D}.Debug|Any CPU.ActiveCfg = Debug|Any CPU
		{5B80D200-BF0E-48D0-AD2D-957C7A42199D}.Debug|Any CPU.Build.0 = Debug|Any CPU
		{5B80D200-BF0E-48D0-AD2D-957C7A42199D}.Release|Any CPU.ActiveCfg = Release|Any CPU
		{5B80D200-BF0E-48D0-AD2D-957C7A42199D}.Release|Any CPU.Build.0 = Release|Any CPU
	EndGlobalSection
	GlobalSection(SolutionProperties) = preSolution
		HideSolutionNode = FALSE
	EndGlobalSection
	GlobalSection(ExtensibilityGlobals) = postSolution
		SolutionGuid = {B15449E4-56EE-4C7C-97D4-E2925B100198}
	EndGlobalSection
EndGlobal
