
Microsoft Visual Studio Solution File, Format Version 12.00
# Visual Studio Version 17
VisualStudioVersion = 17.11.35312.102
MinimumVisualStudioVersion = 10.0.40219.1
Project("{FAE04EC0-301F-11D3-BF4B-00C04F79EFBC}") = "GestaoBiblioteca", "GestaoBiblioteca.csproj", "{57BEBBFF-C405-4B4F-87B5-19B511ACF0EA}"
EndProject
Global
	GlobalSection(SolutionConfigurationPlatforms) = preSolution
		Debug|Any CPU = Debug|Any CPU
		Release|Any CPU = Release|Any CPU
	EndGlobalSection
	GlobalSection(ProjectConfigurationPlatforms) = postSolution
		{57BEBBFF-C405-4B4F-87B5-19B511ACF0EA}.Debug|Any CPU.ActiveCfg = Debug|Any CPU
		{57BEBBFF-C405-4B4F-87B5-19B511ACF0EA}.Debug|Any CPU.Build.0 = Debug|Any CPU
		{57BEBBFF-C405-4B4F-87B5-19B511ACF0EA}.Release|Any CPU.ActiveCfg = Release|Any CPU
		{57BEBBFF-C405-4B4F-87B5-19B511ACF0EA}.Release|Any CPU.Build.0 = Release|Any CPU
	EndGlobalSection
	GlobalSection(SolutionProperties) = preSolution
		HideSolutionNode = FALSE
	EndGlobalSection
	GlobalSection(ExtensibilityGlobals) = postSolution
		SolutionGuid = {352FAA81-1E05-4462-AFAA-AEE9BBBBA4AA}
	EndGlobalSection
EndGlobal
