
Microsoft Visual Studio Solution File, Format Version 12.00
# Visual Studio Version 17
VisualStudioVersion = 17.9.34728.123
MinimumVisualStudioVersion = 10.0.40219.1
Project("{FAE04EC0-301F-11D3-BF4B-00C04F79EFBC}") = "Ŕevisoes Teste", "Ŕevisoes Teste.csproj", "{62138F7A-F0A1-4182-B7D3-3838387E8A13}"
EndProject
Global
	GlobalSection(SolutionConfigurationPlatforms) = preSolution
		Debug|Any CPU = Debug|Any CPU
		Release|Any CPU = Release|Any CPU
	EndGlobalSection
	GlobalSection(ProjectConfigurationPlatforms) = postSolution
		{62138F7A-F0A1-4182-B7D3-3838387E8A13}.Debug|Any CPU.ActiveCfg = Debug|Any CPU
		{62138F7A-F0A1-4182-B7D3-3838387E8A13}.Debug|Any CPU.Build.0 = Debug|Any CPU
		{62138F7A-F0A1-4182-B7D3-3838387E8A13}.Release|Any CPU.ActiveCfg = Release|Any CPU
		{62138F7A-F0A1-4182-B7D3-3838387E8A13}.Release|Any CPU.Build.0 = Release|Any CPU
	EndGlobalSection
	GlobalSection(SolutionProperties) = preSolution
		HideSolutionNode = FALSE
	EndGlobalSection
	GlobalSection(ExtensibilityGlobals) = postSolution
		SolutionGuid = {BCC7B81F-FDFE-407D-BCEC-C92B5FD98086}
	EndGlobalSection
EndGlobal
